// !$*UTF8*$!
{
	archiveVersion = 1;
	classes = {
	};
	objectVersion = 52;
	objects = {

/* Begin PBXBuildFile section */
		2A4E690925B7CE60000B992C /* SearchCardTableViewController.swift in Sources */ = {isa = PBXBuildFile; fileRef = 2A4E690825B7CE60000B992C /* SearchCardTableViewController.swift */; };
		2A4E691325B7F5FA000B992C /* SearchCardTableViewCell.swift in Sources */ = {isa = PBXBuildFile; fileRef = 2A4E691225B7F5FA000B992C /* SearchCardTableViewCell.swift */; };
		2A4E691D25B80939000B992C /* Card.swift in Sources */ = {isa = PBXBuildFile; fileRef = 2A4E691C25B80939000B992C /* Card.swift */; };
		2A4E693325BE6990000B992C /* URLExtension.swift in Sources */ = {isa = PBXBuildFile; fileRef = 2A4E693225BE6990000B992C /* URLExtension.swift */; };
		2A4E694C25C0F6DB000B992C /* Cards.swift in Sources */ = {isa = PBXBuildFile; fileRef = 2A4E694B25C0F6DB000B992C /* Cards.swift */; };
		2A96B8A225B6AA2700975B04 /* AppDelegate.swift in Sources */ = {isa = PBXBuildFile; fileRef = 2A96B8A125B6AA2700975B04 /* AppDelegate.swift */; };
		2A96B8A425B6AA2700975B04 /* SceneDelegate.swift in Sources */ = {isa = PBXBuildFile; fileRef = 2A96B8A325B6AA2700975B04 /* SceneDelegate.swift */; };
		2A96B8AB25B6AA2700975B04 /* Assets.xcassets in Resources */ = {isa = PBXBuildFile; fileRef = 2A96B8AA25B6AA2700975B04 /* Assets.xcassets */; };
		2A96B8AE25B6AA2700975B04 /* LaunchScreen.storyboard in Resources */ = {isa = PBXBuildFile; fileRef = 2A96B8AC25B6AA2700975B04 /* LaunchScreen.storyboard */; };
		2A96B8B925B6AA2700975B04 /* YuGiOhCardsTests.swift in Sources */ = {isa = PBXBuildFile; fileRef = 2A96B8B825B6AA2700975B04 /* YuGiOhCardsTests.swift */; };
		2A96B8C425B6AA2700975B04 /* YuGiOhCardsUITests.swift in Sources */ = {isa = PBXBuildFile; fileRef = 2A96B8C325B6AA2700975B04 /* YuGiOhCardsUITests.swift */; };
		2A96B8F525B6C6DF00975B04 /* Alamofire in Frameworks */ = {isa = PBXBuildFile; productRef = 2A96B8F425B6C6DF00975B04 /* Alamofire */; };
		2A96B91025B7C19100975B04 /* SnapKit in Frameworks */ = {isa = PBXBuildFile; productRef = 2A96B90F25B7C19100975B04 /* SnapKit */; };
		2ABF92BC25CAC54C00F75AAF /* CardDetailViewController.swift in Sources */ = {isa = PBXBuildFile; fileRef = 2ABF92BB25CAC54C00F75AAF /* CardDetailViewController.swift */; };
		2ABF92C725CAE77800F75AAF /* CardDetailViewController.xib in Resources */ = {isa = PBXBuildFile; fileRef = 2ABF92C625CAE77800F75AAF /* CardDetailViewController.xib */; };
/* End PBXBuildFile section */

/* Begin PBXContainerItemProxy section */
		2A96B8B525B6AA2700975B04 /* PBXContainerItemProxy */ = {
			isa = PBXContainerItemProxy;
			containerPortal = 2A96B89625B6AA2600975B04 /* Project object */;
			proxyType = 1;
			remoteGlobalIDString = 2A96B89D25B6AA2600975B04;
			remoteInfo = YuGiOhCards;
		};
		2A96B8C025B6AA2700975B04 /* PBXContainerItemProxy */ = {
			isa = PBXContainerItemProxy;
			containerPortal = 2A96B89625B6AA2600975B04 /* Project object */;
			proxyType = 1;
			remoteGlobalIDString = 2A96B89D25B6AA2600975B04;
			remoteInfo = YuGiOhCards;
		};
/* End PBXContainerItemProxy section */

/* Begin PBXFileReference section */
		2A4E690825B7CE60000B992C /* SearchCardTableViewController.swift */ = {isa = PBXFileReference; lastKnownFileType = sourcecode.swift; path = SearchCardTableViewController.swift; sourceTree = "<group>"; };
		2A4E691225B7F5FA000B992C /* SearchCardTableViewCell.swift */ = {isa = PBXFileReference; lastKnownFileType = sourcecode.swift; path = SearchCardTableViewCell.swift; sourceTree = "<group>"; };
		2A4E691C25B80939000B992C /* Card.swift */ = {isa = PBXFileReference; lastKnownFileType = sourcecode.swift; path = Card.swift; sourceTree = "<group>"; };
		2A4E693225BE6990000B992C /* URLExtension.swift */ = {isa = PBXFileReference; lastKnownFileType = sourcecode.swift; path = URLExtension.swift; sourceTree = "<group>"; };
		2A4E694B25C0F6DB000B992C /* Cards.swift */ = {isa = PBXFileReference; lastKnownFileType = sourcecode.swift; path = Cards.swift; sourceTree = "<group>"; };
		2A96B89E25B6AA2600975B04 /* YuGiOhCards.app */ = {isa = PBXFileReference; explicitFileType = wrapper.application; includeInIndex = 0; path = YuGiOhCards.app; sourceTree = BUILT_PRODUCTS_DIR; };
		2A96B8A125B6AA2700975B04 /* AppDelegate.swift */ = {isa = PBXFileReference; lastKnownFileType = sourcecode.swift; path = AppDelegate.swift; sourceTree = "<group>"; };
		2A96B8A325B6AA2700975B04 /* SceneDelegate.swift */ = {isa = PBXFileReference; lastKnownFileType = sourcecode.swift; path = SceneDelegate.swift; sourceTree = "<group>"; };
		2A96B8AA25B6AA2700975B04 /* Assets.xcassets */ = {isa = PBXFileReference; lastKnownFileType = folder.assetcatalog; path = Assets.xcassets; sourceTree = "<group>"; };
		2A96B8AD25B6AA2700975B04 /* Base */ = {isa = PBXFileReference; lastKnownFileType = file.storyboard; name = Base; path = Base.lproj/LaunchScreen.storyboard; sourceTree = "<group>"; };
		2A96B8AF25B6AA2700975B04 /* Info.plist */ = {isa = PBXFileReference; lastKnownFileType = text.plist.xml; path = Info.plist; sourceTree = "<group>"; };
		2A96B8B425B6AA2700975B04 /* YuGiOhCardsTests.xctest */ = {isa = PBXFileReference; explicitFileType = wrapper.cfbundle; includeInIndex = 0; path = YuGiOhCardsTests.xctest; sourceTree = BUILT_PRODUCTS_DIR; };
		2A96B8B825B6AA2700975B04 /* YuGiOhCardsTests.swift */ = {isa = PBXFileReference; lastKnownFileType = sourcecode.swift; path = YuGiOhCardsTests.swift; sourceTree = "<group>"; };
		2A96B8BA25B6AA2700975B04 /* Info.plist */ = {isa = PBXFileReference; lastKnownFileType = text.plist.xml; path = Info.plist; sourceTree = "<group>"; };
		2A96B8BF25B6AA2700975B04 /* YuGiOhCardsUITests.xctest */ = {isa = PBXFileReference; explicitFileType = wrapper.cfbundle; includeInIndex = 0; path = YuGiOhCardsUITests.xctest; sourceTree = BUILT_PRODUCTS_DIR; };
		2A96B8C325B6AA2700975B04 /* YuGiOhCardsUITests.swift */ = {isa = PBXFileReference; lastKnownFileType = sourcecode.swift; path = YuGiOhCardsUITests.swift; sourceTree = "<group>"; };
		2A96B8C525B6AA2700975B04 /* Info.plist */ = {isa = PBXFileReference; lastKnownFileType = text.plist.xml; path = Info.plist; sourceTree = "<group>"; };
		2ABF92BB25CAC54C00F75AAF /* CardDetailViewController.swift */ = {isa = PBXFileReference; lastKnownFileType = sourcecode.swift; path = CardDetailViewController.swift; sourceTree = "<group>"; };
		2ABF92C625CAE77800F75AAF /* CardDetailViewController.xib */ = {isa = PBXFileReference; lastKnownFileType = file.xib; path = CardDetailViewController.xib; sourceTree = "<group>"; };
/* End PBXFileReference section */

/* Begin PBXFrameworksBuildPhase section */
		2A96B89B25B6AA2600975B04 /* Frameworks */ = {
			isa = PBXFrameworksBuildPhase;
			buildActionMask = 2147483647;
			files = (
				2A96B91025B7C19100975B04 /* SnapKit in Frameworks */,
				2A96B8F525B6C6DF00975B04 /* Alamofire in Frameworks */,
			);
			runOnlyForDeploymentPostprocessing = 0;
		};
		2A96B8B125B6AA2700975B04 /* Frameworks */ = {
			isa = PBXFrameworksBuildPhase;
			buildActionMask = 2147483647;
			files = (
			);
			runOnlyForDeploymentPostprocessing = 0;
		};
		2A96B8BC25B6AA2700975B04 /* Frameworks */ = {
			isa = PBXFrameworksBuildPhase;
			buildActionMask = 2147483647;
			files = (
			);
			runOnlyForDeploymentPostprocessing = 0;
		};
/* End PBXFrameworksBuildPhase section */

/* Begin PBXGroup section */
		2A4E691025B7F5B4000B992C /* Views */ = {
			isa = PBXGroup;
			children = (
				2A4E691125B7F5C8000B992C /* TableViewCells */,
			);
			path = Views;
			sourceTree = "<group>";
		};
		2A4E691125B7F5C8000B992C /* TableViewCells */ = {
			isa = PBXGroup;
			children = (
				2A4E691225B7F5FA000B992C /* SearchCardTableViewCell.swift */,
			);
			path = TableViewCells;
			sourceTree = "<group>";
		};
		2A4E691A25B80889000B992C /* Models */ = {
			isa = PBXGroup;
			children = (
				2A4E691C25B80939000B992C /* Card.swift */,
				2A4E694B25C0F6DB000B992C /* Cards.swift */,
				2A4E691B25B808C6000B992C /* Networking */,
			);
			path = Models;
			sourceTree = "<group>";
		};
		2A4E691B25B808C6000B992C /* Networking */ = {
			isa = PBXGroup;
			children = (
			);
			path = Networking;
			sourceTree = "<group>";
		};
		2A4E693125BE6967000B992C /* Extension */ = {
			isa = PBXGroup;
			children = (
				2A4E693225BE6990000B992C /* URLExtension.swift */,
			);
			path = Extension;
			sourceTree = "<group>";
		};
		2A96B89525B6AA2600975B04 = {
			isa = PBXGroup;
			children = (
				2A96B8A025B6AA2600975B04 /* YuGiOhCards */,
				2A96B8B725B6AA2700975B04 /* YuGiOhCardsTests */,
				2A96B8C225B6AA2700975B04 /* YuGiOhCardsUITests */,
				2A96B89F25B6AA2600975B04 /* Products */,
			);
			sourceTree = "<group>";
		};
		2A96B89F25B6AA2600975B04 /* Products */ = {
			isa = PBXGroup;
			children = (
				2A96B89E25B6AA2600975B04 /* YuGiOhCards.app */,
				2A96B8B425B6AA2700975B04 /* YuGiOhCardsTests.xctest */,
				2A96B8BF25B6AA2700975B04 /* YuGiOhCardsUITests.xctest */,
			);
			name = Products;
			sourceTree = "<group>";
		};
		2A96B8A025B6AA2600975B04 /* YuGiOhCards */ = {
			isa = PBXGroup;
			children = (
				2A96B8AF25B6AA2700975B04 /* Info.plist */,
				2A96B8EF25B6C4C600975B04 /* Application */,
				2A4E693125BE6967000B992C /* Extension */,
				2A96B8F225B6C53A00975B04 /* Assets */,
			);
			path = YuGiOhCards;
			sourceTree = "<group>";
		};
		2A96B8B725B6AA2700975B04 /* YuGiOhCardsTests */ = {
			isa = PBXGroup;
			children = (
				2A96B8B825B6AA2700975B04 /* YuGiOhCardsTests.swift */,
				2A96B8BA25B6AA2700975B04 /* Info.plist */,
			);
			path = YuGiOhCardsTests;
			sourceTree = "<group>";
		};
		2A96B8C225B6AA2700975B04 /* YuGiOhCardsUITests */ = {
			isa = PBXGroup;
			children = (
				2A96B8C325B6AA2700975B04 /* YuGiOhCardsUITests.swift */,
				2A96B8C525B6AA2700975B04 /* Info.plist */,
			);
			path = YuGiOhCardsUITests;
			sourceTree = "<group>";
		};
		2A96B8EF25B6C4C600975B04 /* Application */ = {
			isa = PBXGroup;
			children = (
				2A96B8A125B6AA2700975B04 /* AppDelegate.swift */,
				2A96B8A325B6AA2700975B04 /* SceneDelegate.swift */,
				2A96B8F025B6C4F400975B04 /* Presentation */,
				2A4E691A25B80889000B992C /* Models */,
			);
			path = Application;
			sourceTree = "<group>";
		};
		2A96B8F025B6C4F400975B04 /* Presentation */ = {
			isa = PBXGroup;
			children = (
				2A4E691025B7F5B4000B992C /* Views */,
				2A96B8F125B6C52100975B04 /* ViewControllers */,
			);
			path = Presentation;
			sourceTree = "<group>";
		};
		2A96B8F125B6C52100975B04 /* ViewControllers */ = {
			isa = PBXGroup;
			children = (
				2A4E690825B7CE60000B992C /* SearchCardTableViewController.swift */,
				2ABF92BB25CAC54C00F75AAF /* CardDetailViewController.swift */,
				2ABF92C625CAE77800F75AAF /* CardDetailViewController.xib */,
			);
			path = ViewControllers;
			sourceTree = "<group>";
		};
		2A96B8F225B6C53A00975B04 /* Assets */ = {
			isa = PBXGroup;
			children = (
				2A96B8AC25B6AA2700975B04 /* LaunchScreen.storyboard */,
				2A96B8AA25B6AA2700975B04 /* Assets.xcassets */,
			);
			path = Assets;
			sourceTree = "<group>";
		};
/* End PBXGroup section */

/* Begin PBXNativeTarget section */
		2A96B89D25B6AA2600975B04 /* YuGiOhCards */ = {
			isa = PBXNativeTarget;
			buildConfigurationList = 2A96B8C825B6AA2700975B04 /* Build configuration list for PBXNativeTarget "YuGiOhCards" */;
			buildPhases = (
				2A96B89A25B6AA2600975B04 /* Sources */,
				2A96B89B25B6AA2600975B04 /* Frameworks */,
				2A96B89C25B6AA2600975B04 /* Resources */,
			);
			buildRules = (
			);
			dependencies = (
			);
			name = YuGiOhCards;
			packageProductDependencies = (
				2A96B90F25B7C19100975B04 /* SnapKit */,
				2A96B8F425B6C6DF00975B04 /* Alamofire */,
			);
			productName = YuGiOhCards;
			productReference = 2A96B89E25B6AA2600975B04 /* YuGiOhCards.app */;
			productType = "com.apple.product-type.application";
		};
		2A96B8B325B6AA2700975B04 /* YuGiOhCardsTests */ = {
			isa = PBXNativeTarget;
			buildConfigurationList = 2A96B8CB25B6AA2700975B04 /* Build configuration list for PBXNativeTarget "YuGiOhCardsTests" */;
			buildPhases = (
				2A96B8B025B6AA2700975B04 /* Sources */,
				2A96B8B125B6AA2700975B04 /* Frameworks */,
				2A96B8B225B6AA2700975B04 /* Resources */,
			);
			buildRules = (
			);
			dependencies = (
				2A96B8B625B6AA2700975B04 /* PBXTargetDependency */,
			);
			name = YuGiOhCardsTests;
			productName = YuGiOhCardsTests;
			productReference = 2A96B8B425B6AA2700975B04 /* YuGiOhCardsTests.xctest */;
			productType = "com.apple.product-type.bundle.unit-test";
		};
		2A96B8BE25B6AA2700975B04 /* YuGiOhCardsUITests */ = {
			isa = PBXNativeTarget;
			buildConfigurationList = 2A96B8CE25B6AA2700975B04 /* Build configuration list for PBXNativeTarget "YuGiOhCardsUITests" */;
			buildPhases = (
				2A96B8BB25B6AA2700975B04 /* Sources */,
				2A96B8BC25B6AA2700975B04 /* Frameworks */,
				2A96B8BD25B6AA2700975B04 /* Resources */,
			);
			buildRules = (
			);
			dependencies = (
				2A96B8C125B6AA2700975B04 /* PBXTargetDependency */,
			);
			name = YuGiOhCardsUITests;
			productName = YuGiOhCardsUITests;
			productReference = 2A96B8BF25B6AA2700975B04 /* YuGiOhCardsUITests.xctest */;
			productType = "com.apple.product-type.bundle.ui-testing";
		};
/* End PBXNativeTarget section */

/* Begin PBXProject section */
		2A96B89625B6AA2600975B04 /* Project object */ = {
			isa = PBXProject;
			attributes = {
				LastSwiftUpdateCheck = 1230;
				LastUpgradeCheck = 1230;
				TargetAttributes = {
					2A96B89D25B6AA2600975B04 = {
						CreatedOnToolsVersion = 12.3;
					};
					2A96B8B325B6AA2700975B04 = {
						CreatedOnToolsVersion = 12.3;
						TestTargetID = 2A96B89D25B6AA2600975B04;
					};
					2A96B8BE25B6AA2700975B04 = {
						CreatedOnToolsVersion = 12.3;
						TestTargetID = 2A96B89D25B6AA2600975B04;
					};
				};
			};
			buildConfigurationList = 2A96B89925B6AA2600975B04 /* Build configuration list for PBXProject "YuGiOhCards" */;
			compatibilityVersion = "Xcode 9.3";
			developmentRegion = en;
			hasScannedForEncodings = 0;
			knownRegions = (
				en,
				Base,
			);
			mainGroup = 2A96B89525B6AA2600975B04;
			packageReferences = (
				2A96B90E25B7C19100975B04 /* XCRemoteSwiftPackageReference "SnapKit" */,
				2A96B8F325B6C6DF00975B04 /* XCRemoteSwiftPackageReference "Alamofire" */,
			);
			productRefGroup = 2A96B89F25B6AA2600975B04 /* Products */;
			projectDirPath = "";
			projectRoot = "";
			targets = (
				2A96B89D25B6AA2600975B04 /* YuGiOhCards */,
				2A96B8B325B6AA2700975B04 /* YuGiOhCardsTests */,
				2A96B8BE25B6AA2700975B04 /* YuGiOhCardsUITests */,
			);
		};
/* End PBXProject section */

/* Begin PBXResourcesBuildPhase section */
		2A96B89C25B6AA2600975B04 /* Resources */ = {
			isa = PBXResourcesBuildPhase;
			buildActionMask = 2147483647;
			files = (
				2ABF92C725CAE77800F75AAF /* CardDetailViewController.xib in Resources */,
				2A96B8AE25B6AA2700975B04 /* LaunchScreen.storyboard in Resources */,
				2A96B8AB25B6AA2700975B04 /* Assets.xcassets in Resources */,
			);
			runOnlyForDeploymentPostprocessing = 0;
		};
		2A96B8B225B6AA2700975B04 /* Resources */ = {
			isa = PBXResourcesBuildPhase;
			buildActionMask = 2147483647;
			files = (
			);
			runOnlyForDeploymentPostprocessing = 0;
		};
		2A96B8BD25B6AA2700975B04 /* Resources */ = {
			isa = PBXResourcesBuildPhase;
			buildActionMask = 2147483647;
			files = (
			);
			runOnlyForDeploymentPostprocessing = 0;
		};
/* End PBXResourcesBuildPhase section */

/* Begin PBXSourcesBuildPhase section */
		2A96B89A25B6AA2600975B04 /* Sources */ = {
			isa = PBXSourcesBuildPhase;
			buildActionMask = 2147483647;
			files = (
				2A4E690925B7CE60000B992C /* SearchCardTableViewController.swift in Sources */,
				2A4E693325BE6990000B992C /* URLExtension.swift in Sources */,
				2A96B8A225B6AA2700975B04 /* AppDelegate.swift in Sources */,
				2A96B8A425B6AA2700975B04 /* SceneDelegate.swift in Sources */,
				2A4E691325B7F5FA000B992C /* SearchCardTableViewCell.swift in Sources */,
				2ABF92BC25CAC54C00F75AAF /* CardDetailViewController.swift in Sources */,
				2A4E694C25C0F6DB000B992C /* Cards.swift in Sources */,
				2A4E691D25B80939000B992C /* Card.swift in Sources */,
			);
			runOnlyForDeploymentPostprocessing = 0;
		};
		2A96B8B025B6AA2700975B04 /* Sources */ = {
			isa = PBXSourcesBuildPhase;
			buildActionMask = 2147483647;
			files = (
				2A96B8B925B6AA2700975B04 /* YuGiOhCardsTests.swift in Sources */,
			);
			runOnlyForDeploymentPostprocessing = 0;
		};
		2A96B8BB25B6AA2700975B04 /* Sources */ = {
			isa = PBXSourcesBuildPhase;
			buildActionMask = 2147483647;
			files = (
				2A96B8C425B6AA2700975B04 /* YuGiOhCardsUITests.swift in Sources */,
			);
			runOnlyForDeploymentPostprocessing = 0;
		};
/* End PBXSourcesBuildPhase section */

/* Begin PBXTargetDependency section */
		2A96B8B625B6AA2700975B04 /* PBXTargetDependency */ = {
			isa = PBXTargetDependency;
			target = 2A96B89D25B6AA2600975B04 /* YuGiOhCards */;
			targetProxy = 2A96B8B525B6AA2700975B04 /* PBXContainerItemProxy */;
		};
		2A96B8C125B6AA2700975B04 /* PBXTargetDependency */ = {
			isa = PBXTargetDependency;
			target = 2A96B89D25B6AA2600975B04 /* YuGiOhCards */;
			targetProxy = 2A96B8C025B6AA2700975B04 /* PBXContainerItemProxy */;
		};
/* End PBXTargetDependency section */

/* Begin PBXVariantGroup section */
		2A96B8AC25B6AA2700975B04 /* LaunchScreen.storyboard */ = {
			isa = PBXVariantGroup;
			children = (
				2A96B8AD25B6AA2700975B04 /* Base */,
			);
			name = LaunchScreen.storyboard;
			sourceTree = "<group>";
		};
/* End PBXVariantGroup section */

/* Begin XCBuildConfiguration section */
		2A96B8C625B6AA2700975B04 /* Debug */ = {
			isa = XCBuildConfiguration;
			buildSettings = {
				ALWAYS_SEARCH_USER_PATHS = NO;
				CLANG_ANALYZER_NONNULL = YES;
				CLANG_ANALYZER_NUMBER_OBJECT_CONVERSION = YES_AGGRESSIVE;
				CLANG_CXX_LANGUAGE_STANDARD = "gnu++14";
				CLANG_CXX_LIBRARY = "libc++";
				CLANG_ENABLE_MODULES = YES;
				CLANG_ENABLE_OBJC_ARC = YES;
				CLANG_ENABLE_OBJC_WEAK = YES;
				CLANG_WARN_BLOCK_CAPTURE_AUTORELEASING = YES;
				CLANG_WARN_BOOL_CONVERSION = YES;
				CLANG_WARN_COMMA = YES;
				CLANG_WARN_CONSTANT_CONVERSION = YES;
				CLANG_WARN_DEPRECATED_OBJC_IMPLEMENTATIONS = YES;
				CLANG_WARN_DIRECT_OBJC_ISA_USAGE = YES_ERROR;
				CLANG_WARN_DOCUMENTATION_COMMENTS = YES;
				CLANG_WARN_EMPTY_BODY = YES;
				CLANG_WARN_ENUM_CONVERSION = YES;
				CLANG_WARN_INFINITE_RECURSION = YES;
				CLANG_WARN_INT_CONVERSION = YES;
				CLANG_WARN_NON_LITERAL_NULL_CONVERSION = YES;
				CLANG_WARN_OBJC_IMPLICIT_RETAIN_SELF = YES;
				CLANG_WARN_OBJC_LITERAL_CONVERSION = YES;
				CLANG_WARN_OBJC_ROOT_CLASS = YES_ERROR;
				CLANG_WARN_QUOTED_INCLUDE_IN_FRAMEWORK_HEADER = YES;
				CLANG_WARN_RANGE_LOOP_ANALYSIS = YES;
				CLANG_WARN_STRICT_PROTOTYPES = YES;
				CLANG_WARN_SUSPICIOUS_MOVE = YES;
				CLANG_WARN_UNGUARDED_AVAILABILITY = YES_AGGRESSIVE;
				CLANG_WARN_UNREACHABLE_CODE = YES;
				CLANG_WARN__DUPLICATE_METHOD_MATCH = YES;
				COPY_PHASE_STRIP = NO;
				DEBUG_INFORMATION_FORMAT = dwarf;
				ENABLE_STRICT_OBJC_MSGSEND = YES;
				ENABLE_TESTABILITY = YES;
				GCC_C_LANGUAGE_STANDARD = gnu11;
				GCC_DYNAMIC_NO_PIC = NO;
				GCC_NO_COMMON_BLOCKS = YES;
				GCC_OPTIMIZATION_LEVEL = 0;
				GCC_PREPROCESSOR_DEFINITIONS = (
					"DEBUG=1",
					"$(inherited)",
				);
				GCC_WARN_64_TO_32_BIT_CONVERSION = YES;
				GCC_WARN_ABOUT_RETURN_TYPE = YES_ERROR;
				GCC_WARN_UNDECLARED_SELECTOR = YES;
				GCC_WARN_UNINITIALIZED_AUTOS = YES_AGGRESSIVE;
				GCC_WARN_UNUSED_FUNCTION = YES;
				GCC_WARN_UNUSED_VARIABLE = YES;
				IPHONEOS_DEPLOYMENT_TARGET = 14.3;
				MTL_ENABLE_DEBUG_INFO = INCLUDE_SOURCE;
				MTL_FAST_MATH = YES;
				ONLY_ACTIVE_ARCH = YES;
				SDKROOT = iphoneos;
				SWIFT_ACTIVE_COMPILATION_CONDITIONS = DEBUG;
				SWIFT_OPTIMIZATION_LEVEL = "-Onone";
			};
			name = Debug;
		};
		2A96B8C725B6AA2700975B04 /* Release */ = {
			isa = XCBuildConfiguration;
			buildSettings = {
				ALWAYS_SEARCH_USER_PATHS = NO;
				CLANG_ANALYZER_NONNULL = YES;
				CLANG_ANALYZER_NUMBER_OBJECT_CONVERSION = YES_AGGRESSIVE;
				CLANG_CXX_LANGUAGE_STANDARD = "gnu++14";
				CLANG_CXX_LIBRARY = "libc++";
				CLANG_ENABLE_MODULES = YES;
				CLANG_ENABLE_OBJC_ARC = YES;
				CLANG_ENABLE_OBJC_WEAK = YES;
				CLANG_WARN_BLOCK_CAPTURE_AUTORELEASING = YES;
				CLANG_WARN_BOOL_CONVERSION = YES;
				CLANG_WARN_COMMA = YES;
				CLANG_WARN_CONSTANT_CONVERSION = YES;
				CLANG_WARN_DEPRECATED_OBJC_IMPLEMENTATIONS = YES;
				CLANG_WARN_DIRECT_OBJC_ISA_USAGE = YES_ERROR;
				CLANG_WARN_DOCUMENTATION_COMMENTS = YES;
				CLANG_WARN_EMPTY_BODY = YES;
				CLANG_WARN_ENUM_CONVERSION = YES;
				CLANG_WARN_INFINITE_RECURSION = YES;
				CLANG_WARN_INT_CONVERSION = YES;
				CLANG_WARN_NON_LITERAL_NULL_CONVERSION = YES;
				CLANG_WARN_OBJC_IMPLICIT_RETAIN_SELF = YES;
				CLANG_WARN_OBJC_LITERAL_CONVERSION = YES;
				CLANG_WARN_OBJC_ROOT_CLASS = YES_ERROR;
				CLANG_WARN_QUOTED_INCLUDE_IN_FRAMEWORK_HEADER = YES;
				CLANG_WARN_RANGE_LOOP_ANALYSIS = YES;
				CLANG_WARN_STRICT_PROTOTYPES = YES;
				CLANG_WARN_SUSPICIOUS_MOVE = YES;
				CLANG_WARN_UNGUARDED_AVAILABILITY = YES_AGGRESSIVE;
				CLANG_WARN_UNREACHABLE_CODE = YES;
				CLANG_WARN__DUPLICATE_METHOD_MATCH = YES;
				COPY_PHASE_STRIP = NO;
				DEBUG_INFORMATION_FORMAT = "dwarf-with-dsym";
				ENABLE_NS_ASSERTIONS = NO;
				ENABLE_STRICT_OBJC_MSGSEND = YES;
				GCC_C_LANGUAGE_STANDARD = gnu11;
				GCC_NO_COMMON_BLOCKS = YES;
				GCC_WARN_64_TO_32_BIT_CONVERSION = YES;
				GCC_WARN_ABOUT_RETURN_TYPE = YES_ERROR;
				GCC_WARN_UNDECLARED_SELECTOR = YES;
				GCC_WARN_UNINITIALIZED_AUTOS = YES_AGGRESSIVE;
				GCC_WARN_UNUSED_FUNCTION = YES;
				GCC_WARN_UNUSED_VARIABLE = YES;
				IPHONEOS_DEPLOYMENT_TARGET = 14.3;
				MTL_ENABLE_DEBUG_INFO = NO;
				MTL_FAST_MATH = YES;
				SDKROOT = iphoneos;
				SWIFT_COMPILATION_MODE = wholemodule;
				SWIFT_OPTIMIZATION_LEVEL = "-O";
				VALIDATE_PRODUCT = YES;
			};
			name = Release;
		};
		2A96B8C925B6AA2700975B04 /* Debug */ = {
			isa = XCBuildConfiguration;
			buildSettings = {
				ASSETCATALOG_COMPILER_APPICON_NAME = AppIcon;
				ASSETCATALOG_COMPILER_GLOBAL_ACCENT_COLOR_NAME = AccentColor;
				CODE_SIGN_STYLE = Automatic;
				DEVELOPMENT_TEAM = 74DA9KB98N;
				INFOPLIST_FILE = YuGiOhCards/Info.plist;
				LD_RUNPATH_SEARCH_PATHS = (
					"$(inherited)",
					"@executable_path/Frameworks",
				);
				PRODUCT_BUNDLE_IDENTIFIER = com.sophiekim.YuGiOhCards;
				PRODUCT_NAME = "$(TARGET_NAME)";
				SWIFT_VERSION = 5.0;
				TARGETED_DEVICE_FAMILY = "1,2";
			};
			name = Debug;
		};
		2A96B8CA25B6AA2700975B04 /* Release */ = {
			isa = XCBuildConfiguration;
			buildSettings = {
				ASSETCATALOG_COMPILER_APPICON_NAME = AppIcon;
				ASSETCATALOG_COMPILER_GLOBAL_ACCENT_COLOR_NAME = AccentColor;
				CODE_SIGN_STYLE = Automatic;
				DEVELOPMENT_TEAM = 74DA9KB98N;
				INFOPLIST_FILE = YuGiOhCards/Info.plist;
				LD_RUNPATH_SEARCH_PATHS = (
					"$(inherited)",
					"@executable_path/Frameworks",
				);
				PRODUCT_BUNDLE_IDENTIFIER = com.sophiekim.YuGiOhCards;
				PRODUCT_NAME = "$(TARGET_NAME)";
				SWIFT_VERSION = 5.0;
				TARGETED_DEVICE_FAMILY = "1,2";
			};
			name = Release;
		};
		2A96B8CC25B6AA2700975B04 /* Debug */ = {
			isa = XCBuildConfiguration;
			buildSettings = {
				ALWAYS_EMBED_SWIFT_STANDARD_LIBRARIES = YES;
				BUNDLE_LOADER = "$(TEST_HOST)";
				CODE_SIGN_STYLE = Automatic;
				DEVELOPMENT_TEAM = 74DA9KB98N;
				INFOPLIST_FILE = YuGiOhCardsTests/Info.plist;
				IPHONEOS_DEPLOYMENT_TARGET = 14.3;
				LD_RUNPATH_SEARCH_PATHS = (
					"$(inherited)",
					"@executable_path/Frameworks",
					"@loader_path/Frameworks",
				);
				PRODUCT_BUNDLE_IDENTIFIER = com.sophiekim.YuGiOhCardsTests;
				PRODUCT_NAME = "$(TARGET_NAME)";
				SWIFT_VERSION = 5.0;
				TARGETED_DEVICE_FAMILY = "1,2";
				TEST_HOST = "$(BUILT_PRODUCTS_DIR)/YuGiOhCards.app/YuGiOhCards";
			};
			name = Debug;
		};
		2A96B8CD25B6AA2700975B04 /* Release */ = {
			isa = XCBuildConfiguration;
			buildSettings = {
				ALWAYS_EMBED_SWIFT_STANDARD_LIBRARIES = YES;
				BUNDLE_LOADER = "$(TEST_HOST)";
				CODE_SIGN_STYLE = Automatic;
				DEVELOPMENT_TEAM = 74DA9KB98N;
				INFOPLIST_FILE = YuGiOhCardsTests/Info.plist;
				IPHONEOS_DEPLOYMENT_TARGET = 14.3;
				LD_RUNPATH_SEARCH_PATHS = (
					"$(inherited)",
					"@executable_path/Frameworks",
					"@loader_path/Frameworks",
				);
				PRODUCT_BUNDLE_IDENTIFIER = com.sophiekim.YuGiOhCardsTests;
				PRODUCT_NAME = "$(TARGET_NAME)";
				SWIFT_VERSION = 5.0;
				TARGETED_DEVICE_FAMILY = "1,2";
				TEST_HOST = "$(BUILT_PRODUCTS_DIR)/YuGiOhCards.app/YuGiOhCards";
			};
			name = Release;
		};
		2A96B8CF25B6AA2700975B04 /* Debug */ = {
			isa = XCBuildConfiguration;
			buildSettings = {
				ALWAYS_EMBED_SWIFT_STANDARD_LIBRARIES = YES;
				CODE_SIGN_STYLE = Automatic;
				DEVELOPMENT_TEAM = 74DA9KB98N;
				INFOPLIST_FILE = YuGiOhCardsUITests/Info.plist;
				LD_RUNPATH_SEARCH_PATHS = (
					"$(inherited)",
					"@executable_path/Frameworks",
					"@loader_path/Frameworks",
				);
				PRODUCT_BUNDLE_IDENTIFIER = com.sophiekim.YuGiOhCardsUITests;
				PRODUCT_NAME = "$(TARGET_NAME)";
				SWIFT_VERSION = 5.0;
				TARGETED_DEVICE_FAMILY = "1,2";
				TEST_TARGET_NAME = YuGiOhCards;
			};
			name = Debug;
		};
		2A96B8D025B6AA2700975B04 /* Release */ = {
			isa = XCBuildConfiguration;
			buildSettings = {
				ALWAYS_EMBED_SWIFT_STANDARD_LIBRARIES = YES;
				CODE_SIGN_STYLE = Automatic;
				DEVELOPMENT_TEAM = 74DA9KB98N;
				INFOPLIST_FILE = YuGiOhCardsUITests/Info.plist;
				LD_RUNPATH_SEARCH_PATHS = (
					"$(inherited)",
					"@executable_path/Frameworks",
					"@loader_path/Frameworks",
				);
				PRODUCT_BUNDLE_IDENTIFIER = com.sophiekim.YuGiOhCardsUITests;
				PRODUCT_NAME = "$(TARGET_NAME)";
				SWIFT_VERSION = 5.0;
				TARGETED_DEVICE_FAMILY = "1,2";
				TEST_TARGET_NAME = YuGiOhCards;
			};
			name = Release;
		};
/* End XCBuildConfiguration section */

/* Begin XCConfigurationList section */
		2A96B89925B6AA2600975B04 /* Build configuration list for PBXProject "YuGiOhCards" */ = {
			isa = XCConfigurationList;
			buildConfigurations = (
				2A96B8C625B6AA2700975B04 /* Debug */,
				2A96B8C725B6AA2700975B04 /* Release */,
			);
			defaultConfigurationIsVisible = 0;
			defaultConfigurationName = Release;
		};
		2A96B8C825B6AA2700975B04 /* Build configuration list for PBXNativeTarget "YuGiOhCards" */ = {
			isa = XCConfigurationList;
			buildConfigurations = (
				2A96B8C925B6AA2700975B04 /* Debug */,
				2A96B8CA25B6AA2700975B04 /* Release */,
			);
			defaultConfigurationIsVisible = 0;
			defaultConfigurationName = Release;
		};
		2A96B8CB25B6AA2700975B04 /* Build configuration list for PBXNativeTarget "YuGiOhCardsTests" */ = {
			isa = XCConfigurationList;
			buildConfigurations = (
				2A96B8CC25B6AA2700975B04 /* Debug */,
				2A96B8CD25B6AA2700975B04 /* Release */,
			);
			defaultConfigurationIsVisible = 0;
			defaultConfigurationName = Release;
		};
		2A96B8CE25B6AA2700975B04 /* Build configuration list for PBXNativeTarget "YuGiOhCardsUITests" */ = {
			isa = XCConfigurationList;
			buildConfigurations = (
				2A96B8CF25B6AA2700975B04 /* Debug */,
				2A96B8D025B6AA2700975B04 /* Release */,
			);
			defaultConfigurationIsVisible = 0;
			defaultConfigurationName = Release;
		};
/* End XCConfigurationList section */

/* Begin XCRemoteSwiftPackageReference section */
		2A96B8F325B6C6DF00975B04 /* XCRemoteSwiftPackageReference "Alamofire" */ = {
			isa = XCRemoteSwiftPackageReference;
			repositoryURL = "https://github.com/Alamofire/Alamofire";
			requirement = {
				kind = upToNextMajorVersion;
				minimumVersion = 5.4.1;
			};
		};
		2A96B90E25B7C19100975B04 /* XCRemoteSwiftPackageReference "SnapKit" */ = {
			isa = XCRemoteSwiftPackageReference;
			repositoryURL = "https://github.com/SnapKit/SnapKit";
			requirement = {
				kind = upToNextMajorVersion;
				minimumVersion = 5.0.1;
			};
		};
/* End XCRemoteSwiftPackageReference section */

/* Begin XCSwiftPackageProductDependency section */
		2A96B8F425B6C6DF00975B04 /* Alamofire */ = {
			isa = XCSwiftPackageProductDependency;
			package = 2A96B8F325B6C6DF00975B04 /* XCRemoteSwiftPackageReference "Alamofire" */;
			productName = Alamofire;
		};
		2A96B90F25B7C19100975B04 /* SnapKit */ = {
			isa = XCSwiftPackageProductDependency;
			package = 2A96B90E25B7C19100975B04 /* XCRemoteSwiftPackageReference "SnapKit" */;
			productName = SnapKit;
		};
/* End XCSwiftPackageProductDependency section */
	};
	rootObject = 2A96B89625B6AA2600975B04 /* Project object */;
}
